
Microsoft Visual Studio Solution File, Format Version 12.00
# Visual Studio 15
VisualStudioVersion = 15.0.27130.2036
MinimumVisualStudioVersion = 10.0.40219.1
Project("{2150E333-8FDC-42A3-9474-1A3956D46DE8}") = "INFRASTRUCTURE", "INFRASTRUCTURE", "{A6273BB5-BF81-4336-8C29-71BA7C4A6C62}"
EndProject
Project("{FAE04EC0-301F-11D3-BF4B-00C04F79EFBC}") = "SGQP.Repository", "SGQP.Repository\SGQP.Repository.csproj", "{9AB65FDA-62D3-467A-8C19-C676C62EFC83}"
EndProject
Project("{FAE04EC0-301F-11D3-BF4B-00C04F79EFBC}") = "SGQP.Data", "SGQP.Data\SGQP.Data.csproj", "{25B69AD4-7F2F-48A8-A41A-426C3E0598A0}"
EndProject
Project("{2150E333-8FDC-42A3-9474-1A3956D46DE8}") = "BUSINESS", "BUSINESS", "{EDCD841A-2B12-4590-8898-77820B5A40C4}"
EndProject
Project("{FAE04EC0-301F-11D3-BF4B-00C04F79EFBC}") = "SGQP.Domain", "SGQP.Domain\SGQP.Domain.csproj", "{06333B19-692F-412A-B73E-2941A83A2BEA}"
EndProject
Project("{2150E333-8FDC-42A3-9474-1A3956D46DE8}") = "APPLICATION", "APPLICATION", "{4BF0E739-6DD2-48CE-B3F4-049B16F30452}"
EndProject
Project("{FAE04EC0-301F-11D3-BF4B-00C04F79EFBC}") = "SGQP.Services", "SGQP.Services\SGQP.Services.csproj", "{5613DDDA-CCF8-431B-9E31-EC3E6D107A01}"
EndProject
Project("{2150E333-8FDC-42A3-9474-1A3956D46DE8}") = "USER_INTERFACE", "USER_INTERFACE", "{49F864FF-3834-4A4B-B706-8B30A5D12101}"
EndProject
Project("{FAE04EC0-301F-11D3-BF4B-00C04F79EFBC}") = "SGQP.Web", "SGQP.Web\SGQP.Web.csproj", "{BF0660B1-F76B-4A94-94A3-869AAB2D7527}"
EndProject
Global
	GlobalSection(SolutionConfigurationPlatforms) = preSolution
		Debug|Any CPU = Debug|Any CPU
		Release|Any CPU = Release|Any CPU
	EndGlobalSection
	GlobalSection(ProjectConfigurationPlatforms) = postSolution
		{9AB65FDA-62D3-467A-8C19-C676C62EFC83}.Debug|Any CPU.ActiveCfg = Debug|Any CPU
		{9AB65FDA-62D3-467A-8C19-C676C62EFC83}.Debug|Any CPU.Build.0 = Debug|Any CPU
		{9AB65FDA-62D3-467A-8C19-C676C62EFC83}.Release|Any CPU.ActiveCfg = Release|Any CPU
		{9AB65FDA-62D3-467A-8C19-C676C62EFC83}.Release|Any CPU.Build.0 = Release|Any CPU
		{25B69AD4-7F2F-48A8-A41A-426C3E0598A0}.Debug|Any CPU.ActiveCfg = Debug|Any CPU
		{25B69AD4-7F2F-48A8-A41A-426C3E0598A0}.Debug|Any CPU.Build.0 = Debug|Any CPU
		{25B69AD4-7F2F-48A8-A41A-426C3E0598A0}.Release|Any CPU.ActiveCfg = Release|Any CPU
		{25B69AD4-7F2F-48A8-A41A-426C3E0598A0}.Release|Any CPU.Build.0 = Release|Any CPU
		{06333B19-692F-412A-B73E-2941A83A2BEA}.Debug|Any CPU.ActiveCfg = Debug|Any CPU
		{06333B19-692F-412A-B73E-2941A83A2BEA}.Debug|Any CPU.Build.0 = Debug|Any CPU
		{06333B19-692F-412A-B73E-2941A83A2BEA}.Release|Any CPU.ActiveCfg = Release|Any CPU
		{06333B19-692F-412A-B73E-2941A83A2BEA}.Release|Any CPU.Build.0 = Release|Any CPU
		{5613DDDA-CCF8-431B-9E31-EC3E6D107A01}.Debug|Any CPU.ActiveCfg = Debug|Any CPU
		{5613DDDA-CCF8-431B-9E31-EC3E6D107A01}.Debug|Any CPU.Build.0 = Debug|Any CPU
		{5613DDDA-CCF8-431B-9E31-EC3E6D107A01}.Release|Any CPU.ActiveCfg = Release|Any CPU
		{5613DDDA-CCF8-431B-9E31-EC3E6D107A01}.Release|Any CPU.Build.0 = Release|Any CPU
		{BF0660B1-F76B-4A94-94A3-869AAB2D7527}.Debug|Any CPU.ActiveCfg = Debug|Any CPU
		{BF0660B1-F76B-4A94-94A3-869AAB2D7527}.Debug|Any CPU.Build.0 = Debug|Any CPU
		{BF0660B1-F76B-4A94-94A3-869AAB2D7527}.Release|Any CPU.ActiveCfg = Release|Any CPU
		{BF0660B1-F76B-4A94-94A3-869AAB2D7527}.Release|Any CPU.Build.0 = Release|Any CPU
	EndGlobalSection
	GlobalSection(SolutionProperties) = preSolution
		HideSolutionNode = FALSE
	EndGlobalSection
	GlobalSection(NestedProjects) = preSolution
		{9AB65FDA-62D3-467A-8C19-C676C62EFC83} = {A6273BB5-BF81-4336-8C29-71BA7C4A6C62}
		{25B69AD4-7F2F-48A8-A41A-426C3E0598A0} = {A6273BB5-BF81-4336-8C29-71BA7C4A6C62}
		{06333B19-692F-412A-B73E-2941A83A2BEA} = {EDCD841A-2B12-4590-8898-77820B5A40C4}
		{5613DDDA-CCF8-431B-9E31-EC3E6D107A01} = {4BF0E739-6DD2-48CE-B3F4-049B16F30452}
		{BF0660B1-F76B-4A94-94A3-869AAB2D7527} = {49F864FF-3834-4A4B-B706-8B30A5D12101}
	EndGlobalSection
	GlobalSection(ExtensibilityGlobals) = postSolution
		SolutionGuid = {9433DB33-4E27-4795-ADCC-7E7723810FDF}
	EndGlobalSection
EndGlobal
