
Microsoft Visual Studio Solution File, Format Version 12.00
# Visual Studio 15
VisualStudioVersion = 15.0.27004.2009
MinimumVisualStudioVersion = 10.0.40219.1
Project("{2150E333-8FDC-42A3-9474-1A3956D46DE8}") = "DATA", "DATA", "{C332C707-99CA-48EB-A170-F81B20DFB5AA}"
EndProject
Project("{2150E333-8FDC-42A3-9474-1A3956D46DE8}") = "PRESENTATION", "PRESENTATION", "{EB0311C4-21A8-49CF-8771-B65ACB17C5B6}"
EndProject
Project("{2150E333-8FDC-42A3-9474-1A3956D46DE8}") = "BUSINESS", "BUSINESS", "{B05B532D-C085-4B26-8AA3-59D3DE33EA4A}"
EndProject
Project("{FAE04EC0-301F-11D3-BF4B-00C04F79EFBC}") = "SGQP.Data", "SGQP.Data\SGQP.Data.csproj", "{D356F44B-42CD-4178-9E38-E7C58171EC4D}"
EndProject
Project("{FAE04EC0-301F-11D3-BF4B-00C04F79EFBC}") = "SGQP.Domain", "SGQP.Domain\SGQP.Domain.csproj", "{75251ED2-B0C9-479F-A5E0-E7C16F683CCF}"
EndProject
Project("{2150E333-8FDC-42A3-9474-1A3956D46DE8}") = "APPLICATION", "APPLICATION", "{A157EBB5-9BB8-4F9E-938C-17F477677F90}"
EndProject
Project("{FAE04EC0-301F-11D3-BF4B-00C04F79EFBC}") = "SGQP.Application", "SGQP.Application\SGQP.Application.csproj", "{9A84C2C5-4B27-4C5E-A465-78CF1F75CA54}"
EndProject
Project("{2150E333-8FDC-42A3-9474-1A3956D46DE8}") = "CROSSCUTTING", "CROSSCUTTING", "{7607ADCD-305E-42FB-8331-F64BAAF47675}"
EndProject
Project("{FAE04EC0-301F-11D3-BF4B-00C04F79EFBC}") = "SGQP.WebMVC", "SGQP.WebMVC\SGQP.WebMVC.csproj", "{EBFFDA43-5DEE-42C2-99B9-E55A39D9A66A}"
EndProject
Project("{FAE04EC0-301F-11D3-BF4B-00C04F79EFBC}") = "SGQP.Repository", "SGQP.Repository\SGQP.Repository.csproj", "{95D750E4-2204-468B-93CA-685B8652647A}"
EndProject
Global
	GlobalSection(SolutionConfigurationPlatforms) = preSolution
		Debug|Any CPU = Debug|Any CPU
		Release|Any CPU = Release|Any CPU
	EndGlobalSection
	GlobalSection(ProjectConfigurationPlatforms) = postSolution
		{D356F44B-42CD-4178-9E38-E7C58171EC4D}.Debug|Any CPU.ActiveCfg = Debug|Any CPU
		{D356F44B-42CD-4178-9E38-E7C58171EC4D}.Debug|Any CPU.Build.0 = Debug|Any CPU
		{D356F44B-42CD-4178-9E38-E7C58171EC4D}.Release|Any CPU.ActiveCfg = Release|Any CPU
		{D356F44B-42CD-4178-9E38-E7C58171EC4D}.Release|Any CPU.Build.0 = Release|Any CPU
		{75251ED2-B0C9-479F-A5E0-E7C16F683CCF}.Debug|Any CPU.ActiveCfg = Debug|Any CPU
		{75251ED2-B0C9-479F-A5E0-E7C16F683CCF}.Debug|Any CPU.Build.0 = Debug|Any CPU
		{75251ED2-B0C9-479F-A5E0-E7C16F683CCF}.Release|Any CPU.ActiveCfg = Release|Any CPU
		{75251ED2-B0C9-479F-A5E0-E7C16F683CCF}.Release|Any CPU.Build.0 = Release|Any CPU
		{9A84C2C5-4B27-4C5E-A465-78CF1F75CA54}.Debug|Any CPU.ActiveCfg = Debug|Any CPU
		{9A84C2C5-4B27-4C5E-A465-78CF1F75CA54}.Debug|Any CPU.Build.0 = Debug|Any CPU
		{9A84C2C5-4B27-4C5E-A465-78CF1F75CA54}.Release|Any CPU.ActiveCfg = Release|Any CPU
		{9A84C2C5-4B27-4C5E-A465-78CF1F75CA54}.Release|Any CPU.Build.0 = Release|Any CPU
		{EBFFDA43-5DEE-42C2-99B9-E55A39D9A66A}.Debug|Any CPU.ActiveCfg = Debug|Any CPU
		{EBFFDA43-5DEE-42C2-99B9-E55A39D9A66A}.Debug|Any CPU.Build.0 = Debug|Any CPU
		{EBFFDA43-5DEE-42C2-99B9-E55A39D9A66A}.Release|Any CPU.ActiveCfg = Release|Any CPU
		{EBFFDA43-5DEE-42C2-99B9-E55A39D9A66A}.Release|Any CPU.Build.0 = Release|Any CPU
		{95D750E4-2204-468B-93CA-685B8652647A}.Debug|Any CPU.ActiveCfg = Debug|Any CPU
		{95D750E4-2204-468B-93CA-685B8652647A}.Debug|Any CPU.Build.0 = Debug|Any CPU
		{95D750E4-2204-468B-93CA-685B8652647A}.Release|Any CPU.ActiveCfg = Release|Any CPU
		{95D750E4-2204-468B-93CA-685B8652647A}.Release|Any CPU.Build.0 = Release|Any CPU
	EndGlobalSection
	GlobalSection(SolutionProperties) = preSolution
		HideSolutionNode = FALSE
	EndGlobalSection
	GlobalSection(NestedProjects) = preSolution
		{D356F44B-42CD-4178-9E38-E7C58171EC4D} = {C332C707-99CA-48EB-A170-F81B20DFB5AA}
		{75251ED2-B0C9-479F-A5E0-E7C16F683CCF} = {B05B532D-C085-4B26-8AA3-59D3DE33EA4A}
		{9A84C2C5-4B27-4C5E-A465-78CF1F75CA54} = {A157EBB5-9BB8-4F9E-938C-17F477677F90}
		{EBFFDA43-5DEE-42C2-99B9-E55A39D9A66A} = {EB0311C4-21A8-49CF-8771-B65ACB17C5B6}
		{95D750E4-2204-468B-93CA-685B8652647A} = {C332C707-99CA-48EB-A170-F81B20DFB5AA}
	EndGlobalSection
	GlobalSection(ExtensibilityGlobals) = postSolution
		SolutionGuid = {AED79377-3344-4780-928D-42E7E3055F2C}
	EndGlobalSection
EndGlobal
